
Microsoft Visual Studio Solution File, Format Version 12.00
# Visual Studio Version 17
VisualStudioVersion = 17.1.32210.238
MinimumVisualStudioVersion = 10.0.40219.1
Project("{FAE04EC0-301F-11D3-BF4B-00C04F79EFBC}") = "TSystem_Assignment02", "TSystem_Assignment02.csproj", "{1B829E1D-0AC4-4266-86E0-D9B5B4BB09F9}"
EndProject
Global
	GlobalSection(SolutionConfigurationPlatforms) = preSolution
		Debug|Any CPU = Debug|Any CPU
		Release|Any CPU = Release|Any CPU
	EndGlobalSection
	GlobalSection(ProjectConfigurationPlatforms) = postSolution
		{1B829E1D-0AC4-4266-86E0-D9B5B4BB09F9}.Debug|Any CPU.ActiveCfg = Debug|Any CPU
		{1B829E1D-0AC4-4266-86E0-D9B5B4BB09F9}.Debug|Any CPU.Build.0 = Debug|Any CPU
		{1B829E1D-0AC4-4266-86E0-D9B5B4BB09F9}.Release|Any CPU.ActiveCfg = Release|Any CPU
		{1B829E1D-0AC4-4266-86E0-D9B5B4BB09F9}.Release|Any CPU.Build.0 = Release|Any CPU
	EndGlobalSection
	GlobalSection(SolutionProperties) = preSolution
		HideSolutionNode = FALSE
	EndGlobalSection
	GlobalSection(ExtensibilityGlobals) = postSolution
		SolutionGuid = {94060C9C-2CAF-4118-9961-45D76B398199}
	EndGlobalSection
EndGlobal
